
Microsoft Visual Studio Solution File, Format Version 12.00
# Visual Studio Version 16
VisualStudioVersion = 16.0.31605.320
MinimumVisualStudioVersion = 10.0.40219.1
Project("{9A19103F-16F7-4668-BE54-9A1E7A4F7556}") = "Catalog.Api", "Catalog.Api\Catalog.Api.csproj", "{3C66D77A-CD1B-4EA6-9988-A957CEBDE4F9}"
EndProject
Project("{9A19103F-16F7-4668-BE54-9A1E7A4F7556}") = "Catalog.UnitTests", "Catalog.UnitTests\Catalog.UnitTests.csproj", "{88F07CCB-DC66-4636-B661-1CB44FAFCCBE}"
EndProject
Global
	GlobalSection(SolutionConfigurationPlatforms) = preSolution
		Debug|Any CPU = Debug|Any CPU
		Release|Any CPU = Release|Any CPU
	EndGlobalSection
	GlobalSection(ProjectConfigurationPlatforms) = postSolution
		{3C66D77A-CD1B-4EA6-9988-A957CEBDE4F9}.Debug|Any CPU.ActiveCfg = Debug|Any CPU
		{3C66D77A-CD1B-4EA6-9988-A957CEBDE4F9}.Debug|Any CPU.Build.0 = Debug|Any CPU
		{3C66D77A-CD1B-4EA6-9988-A957CEBDE4F9}.Release|Any CPU.ActiveCfg = Release|Any CPU
		{3C66D77A-CD1B-4EA6-9988-A957CEBDE4F9}.Release|Any CPU.Build.0 = Release|Any CPU
		{88F07CCB-DC66-4636-B661-1CB44FAFCCBE}.Debug|Any CPU.ActiveCfg = Debug|Any CPU
		{88F07CCB-DC66-4636-B661-1CB44FAFCCBE}.Debug|Any CPU.Build.0 = Debug|Any CPU
		{88F07CCB-DC66-4636-B661-1CB44FAFCCBE}.Release|Any CPU.ActiveCfg = Release|Any CPU
		{88F07CCB-DC66-4636-B661-1CB44FAFCCBE}.Release|Any CPU.Build.0 = Release|Any CPU
	EndGlobalSection
	GlobalSection(SolutionProperties) = preSolution
		HideSolutionNode = FALSE
	EndGlobalSection
	GlobalSection(ExtensibilityGlobals) = postSolution
		SolutionGuid = {61927759-9252-4074-A376-25D86BBBBF38}
	EndGlobalSection
EndGlobal
